// !$*UTF8*$!
{
	archiveVersion = 1;
	classes = {
	};
	objectVersion = 46;
	objects = {

/* Begin PBXBuildFile section */
		003E05A21DDC4F0C0071F4A9 /* main.cpp in Sources */ = {isa = PBXBuildFile; fileRef = 003E05A11DDC4F0C0071F4A9 /* main.cpp */; };
		009CE8EC1DF800B600497716 /* BinaryTreeNode.cpp in Sources */ = {isa = PBXBuildFile; fileRef = 009CE8EA1DF800B600497716 /* BinaryTreeNode.cpp */; };
		009CE8EF1DF81D7F00497716 /* BinaryTree.cpp in Sources */ = {isa = PBXBuildFile; fileRef = 009CE8ED1DF81D7F00497716 /* BinaryTree.cpp */; };
/* End PBXBuildFile section */

/* Begin PBXCopyFilesBuildPhase section */
		003E059C1DDC4F0C0071F4A9 /* CopyFiles */ = {
			isa = PBXCopyFilesBuildPhase;
			buildActionMask = 2147483647;
			dstPath = /usr/share/man/man1/;
			dstSubfolderSpec = 0;
			files = (
			);
			runOnlyForDeploymentPostprocessing = 1;
		};
/* End PBXCopyFilesBuildPhase section */

/* Begin PBXFileReference section */
		003E059E1DDC4F0C0071F4A9 /* tree */ = {isa = PBXFileReference; explicitFileType = "compiled.mach-o.executable"; includeInIndex = 0; path = tree; sourceTree = BUILT_PRODUCTS_DIR; };
		003E05A11DDC4F0C0071F4A9 /* main.cpp */ = {isa = PBXFileReference; lastKnownFileType = sourcecode.cpp.cpp; path = main.cpp; sourceTree = "<group>"; };
		009CE8EA1DF800B600497716 /* BinaryTreeNode.cpp */ = {isa = PBXFileReference; fileEncoding = 4; lastKnownFileType = sourcecode.cpp.cpp; path = BinaryTreeNode.cpp; sourceTree = "<group>"; };
		009CE8EB1DF800B600497716 /* BinaryTreeNode.hpp */ = {isa = PBXFileReference; fileEncoding = 4; lastKnownFileType = sourcecode.cpp.h; path = BinaryTreeNode.hpp; sourceTree = "<group>"; };
		009CE8ED1DF81D7F00497716 /* BinaryTree.cpp */ = {isa = PBXFileReference; fileEncoding = 4; lastKnownFileType = sourcecode.cpp.cpp; path = BinaryTree.cpp; sourceTree = "<group>"; };
		009CE8EE1DF81D7F00497716 /* BinaryTree.hpp */ = {isa = PBXFileReference; fileEncoding = 4; lastKnownFileType = sourcecode.cpp.h; path = BinaryTree.hpp; sourceTree = "<group>"; };
/* End PBXFileReference section */

/* Begin PBXFrameworksBuildPhase section */
		003E059B1DDC4F0C0071F4A9 /* Frameworks */ = {
			isa = PBXFrameworksBuildPhase;
			buildActionMask = 2147483647;
			files = (
			);
			runOnlyForDeploymentPostprocessing = 0;
		};
/* End PBXFrameworksBuildPhase section */

/* Begin PBXGroup section */
		003E05951DDC4F0C0071F4A9 = {
			isa = PBXGroup;
			children = (
				003E05A01DDC4F0C0071F4A9 /* tree */,
				003E059F1DDC4F0C0071F4A9 /* Products */,
			);
			sourceTree = "<group>";
		};
		003E059F1DDC4F0C0071F4A9 /* Products */ = {
			isa = PBXGroup;
			children = (
				003E059E1DDC4F0C0071F4A9 /* tree */,
			);
			name = Products;
			sourceTree = "<group>";
		};
		003E05A01DDC4F0C0071F4A9 /* tree */ = {
			isa = PBXGroup;
			children = (
				003E05A11DDC4F0C0071F4A9 /* main.cpp */,
				009CE8ED1DF81D7F00497716 /* BinaryTree.cpp */,
				009CE8EE1DF81D7F00497716 /* BinaryTree.hpp */,
				009CE8EA1DF800B600497716 /* BinaryTreeNode.cpp */,
				009CE8EB1DF800B600497716 /* BinaryTreeNode.hpp */,
			);
			path = tree;
			sourceTree = "<group>";
		};
/* End PBXGroup section */

/* Begin PBXNativeTarget section */
		003E059D1DDC4F0C0071F4A9 /* tree */ = {
			isa = PBXNativeTarget;
			buildConfigurationList = 003E05A51DDC4F0C0071F4A9 /* Build configuration list for PBXNativeTarget "tree" */;
			buildPhases = (
				003E059A1DDC4F0C0071F4A9 /* Sources */,
				003E059B1DDC4F0C0071F4A9 /* Frameworks */,
				003E059C1DDC4F0C0071F4A9 /* CopyFiles */,
			);
			buildRules = (
			);
			dependencies = (
			);
			name = tree;
			productName = tree;
			productReference = 003E059E1DDC4F0C0071F4A9 /* tree */;
			productType = "com.apple.product-type.tool";
		};
/* End PBXNativeTarget section */

/* Begin PBXProject section */
		003E05961DDC4F0C0071F4A9 /* Project object */ = {
			isa = PBXProject;
			attributes = {
				LastUpgradeCheck = 0720;
				ORGANIZATIONNAME = ytx;
				TargetAttributes = {
					003E059D1DDC4F0C0071F4A9 = {
						CreatedOnToolsVersion = 7.2;
					};
				};
			};
			buildConfigurationList = 003E05991DDC4F0C0071F4A9 /* Build configuration list for PBXProject "tree" */;
			compatibilityVersion = "Xcode 3.2";
			developmentRegion = English;
			hasScannedForEncodings = 0;
			knownRegions = (
				en,
			);
			mainGroup = 003E05951DDC4F0C0071F4A9;
			productRefGroup = 003E059F1DDC4F0C0071F4A9 /* Products */;
			projectDirPath = "";
			projectRoot = "";
			targets = (
				003E059D1DDC4F0C0071F4A9 /* tree */,
			);
		};
/* End PBXProject section */

/* Begin PBXSourcesBuildPhase section */
		003E059A1DDC4F0C0071F4A9 /* Sources */ = {
			isa = PBXSourcesBuildPhase;
			buildActionMask = 2147483647;
			files = (
				009CE8EC1DF800B600497716 /* BinaryTreeNode.cpp in Sources */,
				003E05A21DDC4F0C0071F4A9 /* main.cpp in Sources */,
				009CE8EF1DF81D7F00497716 /* BinaryTree.cpp in Sources */,
			);
			runOnlyForDeploymentPostprocessing = 0;
		};
/* End PBXSourcesBuildPhase section */

/* Begin XCBuildConfiguration section */
		003E05A31DDC4F0C0071F4A9 /* Debug */ = {
			isa = XCBuildConfiguration;
			buildSettings = {
				ALWAYS_SEARCH_USER_PATHS = NO;
				CLANG_CXX_LANGUAGE_STANDARD = "gnu++0x";
				CLANG_CXX_LIBRARY = "libc++";
				CLANG_ENABLE_MODULES = YES;
				CLANG_ENABLE_OBJC_ARC = YES;
				CLANG_WARN_BOOL_CONVERSION = YES;
				CLANG_WARN_CONSTANT_CONVERSION = YES;
				CLANG_WARN_DIRECT_OBJC_ISA_USAGE = YES_ERROR;
				CLANG_WARN_EMPTY_BODY = YES;
				CLANG_WARN_ENUM_CONVERSION = YES;
				CLANG_WARN_INT_CONVERSION = YES;
				CLANG_WARN_OBJC_ROOT_CLASS = YES_ERROR;
				CLANG_WARN_UNREACHABLE_CODE = YES;
				CLANG_WARN__DUPLICATE_METHOD_MATCH = YES;
				CODE_SIGN_IDENTITY = "-";
				COPY_PHASE_STRIP = NO;
				DEBUG_INFORMATION_FORMAT = dwarf;
				ENABLE_STRICT_OBJC_MSGSEND = YES;
				ENABLE_TESTABILITY = YES;
				GCC_C_LANGUAGE_STANDARD = gnu99;
				GCC_DYNAMIC_NO_PIC = NO;
				GCC_NO_COMMON_BLOCKS = YES;
				GCC_OPTIMIZATION_LEVEL = 0;
				GCC_PREPROCESSOR_DEFINITIONS = (
					"DEBUG=1",
					"$(inherited)",
				);
				GCC_WARN_64_TO_32_BIT_CONVERSION = YES;
				GCC_WARN_ABOUT_RETURN_TYPE = YES_ERROR;
				GCC_WARN_UNDECLARED_SELECTOR = YES;
				GCC_WARN_UNINITIALIZED_AUTOS = YES_AGGRESSIVE;
				GCC_WARN_UNUSED_FUNCTION = YES;
				GCC_WARN_UNUSED_VARIABLE = YES;
				MACOSX_DEPLOYMENT_TARGET = 10.11;
				MTL_ENABLE_DEBUG_INFO = YES;
				ONLY_ACTIVE_ARCH = YES;
				SDKROOT = macosx;
			};
			name = Debug;
		};
		003E05A41DDC4F0C0071F4A9 /* Release */ = {
			isa = XCBuildConfiguration;
			buildSettings = {
				ALWAYS_SEARCH_USER_PATHS = NO;
				CLANG_CXX_LANGUAGE_STANDARD = "gnu++0x";
				CLANG_CXX_LIBRARY = "libc++";
				CLANG_ENABLE_MODULES = YES;
				CLANG_ENABLE_OBJC_ARC = YES;
				CLANG_WARN_BOOL_CONVERSION = YES;
				CLANG_WARN_CONSTANT_CONVERSION = YES;
				CLANG_WARN_DIRECT_OBJC_ISA_USAGE = YES_ERROR;
				CLANG_WARN_EMPTY_BODY = YES;
				CLANG_WARN_ENUM_CONVERSION = YES;
				CLANG_WARN_INT_CONVERSION = YES;
				CLANG_WARN_OBJC_ROOT_CLASS = YES_ERROR;
				CLANG_WARN_UNREACHABLE_CODE = YES;
				CLANG_WARN__DUPLICATE_METHOD_MATCH = YES;
				CODE_SIGN_IDENTITY = "-";
				COPY_PHASE_STRIP = NO;
				DEBUG_INFORMATION_FORMAT = "dwarf-with-dsym";
				ENABLE_NS_ASSERTIONS = NO;
				ENABLE_STRICT_OBJC_MSGSEND = YES;
				GCC_C_LANGUAGE_STANDARD = gnu99;
				GCC_NO_COMMON_BLOCKS = YES;
				GCC_WARN_64_TO_32_BIT_CONVERSION = YES;
				GCC_WARN_ABOUT_RETURN_TYPE = YES_ERROR;
				GCC_WARN_UNDECLARED_SELECTOR = YES;
				GCC_WARN_UNINITIALIZED_AUTOS = YES_AGGRESSIVE;
				GCC_WARN_UNUSED_FUNCTION = YES;
				GCC_WARN_UNUSED_VARIABLE = YES;
				MACOSX_DEPLOYMENT_TARGET = 10.11;
				MTL_ENABLE_DEBUG_INFO = NO;
				SDKROOT = macosx;
			};
			name = Release;
		};
		003E05A61DDC4F0C0071F4A9 /* Debug */ = {
			isa = XCBuildConfiguration;
			buildSettings = {
				PRODUCT_NAME = "$(TARGET_NAME)";
			};
			name = Debug;
		};
		003E05A71DDC4F0C0071F4A9 /* Release */ = {
			isa = XCBuildConfiguration;
			buildSettings = {
				PRODUCT_NAME = "$(TARGET_NAME)";
			};
			name = Release;
		};
/* End XCBuildConfiguration section */

/* Begin XCConfigurationList section */
		003E05991DDC4F0C0071F4A9 /* Build configuration list for PBXProject "tree" */ = {
			isa = XCConfigurationList;
			buildConfigurations = (
				003E05A31DDC4F0C0071F4A9 /* Debug */,
				003E05A41DDC4F0C0071F4A9 /* Release */,
			);
			defaultConfigurationIsVisible = 0;
			defaultConfigurationName = Release;
		};
		003E05A51DDC4F0C0071F4A9 /* Build configuration list for PBXNativeTarget "tree" */ = {
			isa = XCConfigurationList;
			buildConfigurations = (
				003E05A61DDC4F0C0071F4A9 /* Debug */,
				003E05A71DDC4F0C0071F4A9 /* Release */,
			);
			defaultConfigurationIsVisible = 0;
			defaultConfigurationName = Release;
		};
/* End XCConfigurationList section */
	};
	rootObject = 003E05961DDC4F0C0071F4A9 /* Project object */;
}
