// !$*UTF8*$!
{
	archiveVersion = 1;
	classes = {
	};
	objectVersion = 46;
	objects = {

/* Begin PBXBuildFile section */
		42E683F61CBCB9B8006E2820 /* main.cpp in Sources */ = {isa = PBXBuildFile; fileRef = 42E683F51CBCB9B8006E2820 /* main.cpp */; };
		42E683FE1CBCBCA2006E2820 /* BigInteger.cpp in Sources */ = {isa = PBXBuildFile; fileRef = 42E683FC1CBCBCA2006E2820 /* BigInteger.cpp */; };
/* End PBXBuildFile section */

/* Begin PBXCopyFilesBuildPhase section */
		42E683F01CBCB9B8006E2820 /* CopyFiles */ = {
			isa = PBXCopyFilesBuildPhase;
			buildActionMask = 2147483647;
			dstPath = /usr/share/man/man1/;
			dstSubfolderSpec = 0;
			files = (
			);
			runOnlyForDeploymentPostprocessing = 1;
		};
/* End PBXCopyFilesBuildPhase section */

/* Begin PBXFileReference section */
		42E683F21CBCB9B8006E2820 /* BigDataOperation */ = {isa = PBXFileReference; explicitFileType = "compiled.mach-o.executable"; includeInIndex = 0; path = BigDataOperation; sourceTree = BUILT_PRODUCTS_DIR; };
		42E683F51CBCB9B8006E2820 /* main.cpp */ = {isa = PBXFileReference; lastKnownFileType = sourcecode.cpp.cpp; path = main.cpp; sourceTree = "<group>"; };
		42E683FC1CBCBCA2006E2820 /* BigInteger.cpp */ = {isa = PBXFileReference; fileEncoding = 4; lastKnownFileType = sourcecode.cpp.cpp; path = BigInteger.cpp; sourceTree = "<group>"; };
		42E683FD1CBCBCA2006E2820 /* BigInteger.hpp */ = {isa = PBXFileReference; fileEncoding = 4; lastKnownFileType = sourcecode.cpp.h; path = BigInteger.hpp; sourceTree = "<group>"; };
/* End PBXFileReference section */

/* Begin PBXFrameworksBuildPhase section */
		42E683EF1CBCB9B8006E2820 /* Frameworks */ = {
			isa = PBXFrameworksBuildPhase;
			buildActionMask = 2147483647;
			files = (
			);
			runOnlyForDeploymentPostprocessing = 0;
		};
/* End PBXFrameworksBuildPhase section */

/* Begin PBXGroup section */
		42E683E91CBCB9B7006E2820 = {
			isa = PBXGroup;
			children = (
				42E683F41CBCB9B8006E2820 /* BigDataOperation */,
				42E683F31CBCB9B8006E2820 /* Products */,
			);
			sourceTree = "<group>";
		};
		42E683F31CBCB9B8006E2820 /* Products */ = {
			isa = PBXGroup;
			children = (
				42E683F21CBCB9B8006E2820 /* BigDataOperation */,
			);
			name = Products;
			sourceTree = "<group>";
		};
		42E683F41CBCB9B8006E2820 /* BigDataOperation */ = {
			isa = PBXGroup;
			children = (
				42E683F51CBCB9B8006E2820 /* main.cpp */,
				42E683FC1CBCBCA2006E2820 /* BigInteger.cpp */,
				42E683FD1CBCBCA2006E2820 /* BigInteger.hpp */,
			);
			path = BigDataOperation;
			sourceTree = "<group>";
		};
/* End PBXGroup section */

/* Begin PBXNativeTarget section */
		42E683F11CBCB9B8006E2820 /* BigDataOperation */ = {
			isa = PBXNativeTarget;
			buildConfigurationList = 42E683F91CBCB9B8006E2820 /* Build configuration list for PBXNativeTarget "BigDataOperation" */;
			buildPhases = (
				42E683EE1CBCB9B8006E2820 /* Sources */,
				42E683EF1CBCB9B8006E2820 /* Frameworks */,
				42E683F01CBCB9B8006E2820 /* CopyFiles */,
			);
			buildRules = (
			);
			dependencies = (
			);
			name = BigDataOperation;
			productName = BigDataOperation;
			productReference = 42E683F21CBCB9B8006E2820 /* BigDataOperation */;
			productType = "com.apple.product-type.tool";
		};
/* End PBXNativeTarget section */

/* Begin PBXProject section */
		42E683EA1CBCB9B7006E2820 /* Project object */ = {
			isa = PBXProject;
			attributes = {
				LastUpgradeCheck = 0720;
				ORGANIZATIONNAME = ytx;
				TargetAttributes = {
					42E683F11CBCB9B8006E2820 = {
						CreatedOnToolsVersion = 7.2.1;
					};
				};
			};
			buildConfigurationList = 42E683ED1CBCB9B7006E2820 /* Build configuration list for PBXProject "BigDataOperation" */;
			compatibilityVersion = "Xcode 3.2";
			developmentRegion = English;
			hasScannedForEncodings = 0;
			knownRegions = (
				en,
			);
			mainGroup = 42E683E91CBCB9B7006E2820;
			productRefGroup = 42E683F31CBCB9B8006E2820 /* Products */;
			projectDirPath = "";
			projectRoot = "";
			targets = (
				42E683F11CBCB9B8006E2820 /* BigDataOperation */,
			);
		};
/* End PBXProject section */

/* Begin PBXSourcesBuildPhase section */
		42E683EE1CBCB9B8006E2820 /* Sources */ = {
			isa = PBXSourcesBuildPhase;
			buildActionMask = 2147483647;
			files = (
				42E683F61CBCB9B8006E2820 /* main.cpp in Sources */,
				42E683FE1CBCBCA2006E2820 /* BigInteger.cpp in Sources */,
			);
			runOnlyForDeploymentPostprocessing = 0;
		};
/* End PBXSourcesBuildPhase section */

/* Begin XCBuildConfiguration section */
		42E683F71CBCB9B8006E2820 /* Debug */ = {
			isa = XCBuildConfiguration;
			buildSettings = {
				ALWAYS_SEARCH_USER_PATHS = NO;
				CLANG_CXX_LANGUAGE_STANDARD = "gnu++0x";
				CLANG_CXX_LIBRARY = "libc++";
				CLANG_ENABLE_MODULES = YES;
				CLANG_ENABLE_OBJC_ARC = YES;
				CLANG_WARN_BOOL_CONVERSION = YES;
				CLANG_WARN_CONSTANT_CONVERSION = YES;
				CLANG_WARN_DIRECT_OBJC_ISA_USAGE = YES_ERROR;
				CLANG_WARN_EMPTY_BODY = YES;
				CLANG_WARN_ENUM_CONVERSION = YES;
				CLANG_WARN_INT_CONVERSION = YES;
				CLANG_WARN_OBJC_ROOT_CLASS = YES_ERROR;
				CLANG_WARN_UNREACHABLE_CODE = YES;
				CLANG_WARN__DUPLICATE_METHOD_MATCH = YES;
				CODE_SIGN_IDENTITY = "-";
				COPY_PHASE_STRIP = NO;
				DEBUG_INFORMATION_FORMAT = dwarf;
				ENABLE_STRICT_OBJC_MSGSEND = YES;
				ENABLE_TESTABILITY = YES;
				GCC_C_LANGUAGE_STANDARD = gnu99;
				GCC_DYNAMIC_NO_PIC = NO;
				GCC_NO_COMMON_BLOCKS = YES;
				GCC_OPTIMIZATION_LEVEL = 0;
				GCC_PREPROCESSOR_DEFINITIONS = (
					"DEBUG=1",
					"$(inherited)",
				);
				GCC_WARN_64_TO_32_BIT_CONVERSION = YES;
				GCC_WARN_ABOUT_RETURN_TYPE = YES_ERROR;
				GCC_WARN_UNDECLARED_SELECTOR = YES;
				GCC_WARN_UNINITIALIZED_AUTOS = YES_AGGRESSIVE;
				GCC_WARN_UNUSED_FUNCTION = YES;
				GCC_WARN_UNUSED_VARIABLE = YES;
				MACOSX_DEPLOYMENT_TARGET = 10.11;
				MTL_ENABLE_DEBUG_INFO = YES;
				ONLY_ACTIVE_ARCH = YES;
				SDKROOT = macosx;
			};
			name = Debug;
		};
		42E683F81CBCB9B8006E2820 /* Release */ = {
			isa = XCBuildConfiguration;
			buildSettings = {
				ALWAYS_SEARCH_USER_PATHS = NO;
				CLANG_CXX_LANGUAGE_STANDARD = "gnu++0x";
				CLANG_CXX_LIBRARY = "libc++";
				CLANG_ENABLE_MODULES = YES;
				CLANG_ENABLE_OBJC_ARC = YES;
				CLANG_WARN_BOOL_CONVERSION = YES;
				CLANG_WARN_CONSTANT_CONVERSION = YES;
				CLANG_WARN_DIRECT_OBJC_ISA_USAGE = YES_ERROR;
				CLANG_WARN_EMPTY_BODY = YES;
				CLANG_WARN_ENUM_CONVERSION = YES;
				CLANG_WARN_INT_CONVERSION = YES;
				CLANG_WARN_OBJC_ROOT_CLASS = YES_ERROR;
				CLANG_WARN_UNREACHABLE_CODE = YES;
				CLANG_WARN__DUPLICATE_METHOD_MATCH = YES;
				CODE_SIGN_IDENTITY = "-";
				COPY_PHASE_STRIP = NO;
				DEBUG_INFORMATION_FORMAT = "dwarf-with-dsym";
				ENABLE_NS_ASSERTIONS = NO;
				ENABLE_STRICT_OBJC_MSGSEND = YES;
				GCC_C_LANGUAGE_STANDARD = gnu99;
				GCC_NO_COMMON_BLOCKS = YES;
				GCC_WARN_64_TO_32_BIT_CONVERSION = YES;
				GCC_WARN_ABOUT_RETURN_TYPE = YES_ERROR;
				GCC_WARN_UNDECLARED_SELECTOR = YES;
				GCC_WARN_UNINITIALIZED_AUTOS = YES_AGGRESSIVE;
				GCC_WARN_UNUSED_FUNCTION = YES;
				GCC_WARN_UNUSED_VARIABLE = YES;
				MACOSX_DEPLOYMENT_TARGET = 10.11;
				MTL_ENABLE_DEBUG_INFO = NO;
				SDKROOT = macosx;
			};
			name = Release;
		};
		42E683FA1CBCB9B8006E2820 /* Debug */ = {
			isa = XCBuildConfiguration;
			buildSettings = {
				PRODUCT_NAME = "$(TARGET_NAME)";
			};
			name = Debug;
		};
		42E683FB1CBCB9B8006E2820 /* Release */ = {
			isa = XCBuildConfiguration;
			buildSettings = {
				PRODUCT_NAME = "$(TARGET_NAME)";
			};
			name = Release;
		};
/* End XCBuildConfiguration section */

/* Begin XCConfigurationList section */
		42E683ED1CBCB9B7006E2820 /* Build configuration list for PBXProject "BigDataOperation" */ = {
			isa = XCConfigurationList;
			buildConfigurations = (
				42E683F71CBCB9B8006E2820 /* Debug */,
				42E683F81CBCB9B8006E2820 /* Release */,
			);
			defaultConfigurationIsVisible = 0;
			defaultConfigurationName = Release;
		};
		42E683F91CBCB9B8006E2820 /* Build configuration list for PBXNativeTarget "BigDataOperation" */ = {
			isa = XCConfigurationList;
			buildConfigurations = (
				42E683FA1CBCB9B8006E2820 /* Debug */,
				42E683FB1CBCB9B8006E2820 /* Release */,
			);
			defaultConfigurationIsVisible = 0;
		};
/* End XCConfigurationList section */
	};
	rootObject = 42E683EA1CBCB9B7006E2820 /* Project object */;
}
