// !$*UTF8*$!
{
	archiveVersion = 1;
	classes = {
	};
	objectVersion = 46;
	objects = {

/* Begin PBXBuildFile section */
		421CD2C81CE41ED80076F505 /* CityManager.cpp in Sources */ = {isa = PBXBuildFile; fileRef = 421CD2C61CE41ED80076F505 /* CityManager.cpp */; };
		421CD2CB1CE41EF70076F505 /* City.cpp in Sources */ = {isa = PBXBuildFile; fileRef = 421CD2C91CE41EF70076F505 /* City.cpp */; };
		421CD2CE1CE424650076F505 /* FightController.cpp in Sources */ = {isa = PBXBuildFile; fileRef = 421CD2CC1CE424650076F505 /* FightController.cpp */; };
		421CD2D11CE42C120076F505 /* Weapon.cpp in Sources */ = {isa = PBXBuildFile; fileRef = 421CD2CF1CE42C120076F505 /* Weapon.cpp */; };
		421CD2D41CE430120076F505 /* CommonData.cpp in Sources */ = {isa = PBXBuildFile; fileRef = 421CD2D21CE430120076F505 /* CommonData.cpp */; };
		421CD2D71CE4344C0076F505 /* WeaponFactor.cpp in Sources */ = {isa = PBXBuildFile; fileRef = 421CD2D51CE4344C0076F505 /* WeaponFactor.cpp */; };
		424AE2141CC8CB8000F34851 /* SubSoldier.cpp in Sources */ = {isa = PBXBuildFile; fileRef = 424AE2121CC8CB8000F34851 /* SubSoldier.cpp */; };
		424E7E1F1CAA555B00CEB088 /* main.cpp in Sources */ = {isa = PBXBuildFile; fileRef = 424E7E1E1CAA555B00CEB088 /* main.cpp */; };
		424E7E271CAA76AC00CEB088 /* HeadQuarter.cpp in Sources */ = {isa = PBXBuildFile; fileRef = 424E7E251CAA76AC00CEB088 /* HeadQuarter.cpp */; };
		424E7E2A1CAA76DD00CEB088 /* Soldier.cpp in Sources */ = {isa = PBXBuildFile; fileRef = 424E7E281CAA76DD00CEB088 /* Soldier.cpp */; };
		42A052421CD2FAD200114D6B /* LogSystem.cpp in Sources */ = {isa = PBXBuildFile; fileRef = 42A052401CD2FAD200114D6B /* LogSystem.cpp */; };
		42C2A7EC1CCF087A007319CC /* SoldierFactor.cpp in Sources */ = {isa = PBXBuildFile; fileRef = 42C2A7EA1CCF087A007319CC /* SoldierFactor.cpp */; };
/* End PBXBuildFile section */

/* Begin PBXCopyFilesBuildPhase section */
		424E7E191CAA555B00CEB088 /* CopyFiles */ = {
			isa = PBXCopyFilesBuildPhase;
			buildActionMask = 2147483647;
			dstPath = /usr/share/man/man1/;
			dstSubfolderSpec = 0;
			files = (
			);
			runOnlyForDeploymentPostprocessing = 1;
		};
/* End PBXCopyFilesBuildPhase section */

/* Begin PBXFileReference section */
		421CD2C61CE41ED80076F505 /* CityManager.cpp */ = {isa = PBXFileReference; fileEncoding = 4; lastKnownFileType = sourcecode.cpp.cpp; path = CityManager.cpp; sourceTree = "<group>"; };
		421CD2C71CE41ED80076F505 /* CityManager.hpp */ = {isa = PBXFileReference; fileEncoding = 4; lastKnownFileType = sourcecode.cpp.h; path = CityManager.hpp; sourceTree = "<group>"; };
		421CD2C91CE41EF70076F505 /* City.cpp */ = {isa = PBXFileReference; fileEncoding = 4; lastKnownFileType = sourcecode.cpp.cpp; path = City.cpp; sourceTree = "<group>"; };
		421CD2CA1CE41EF70076F505 /* City.hpp */ = {isa = PBXFileReference; fileEncoding = 4; lastKnownFileType = sourcecode.cpp.h; path = City.hpp; sourceTree = "<group>"; };
		421CD2CC1CE424650076F505 /* FightController.cpp */ = {isa = PBXFileReference; fileEncoding = 4; lastKnownFileType = sourcecode.cpp.cpp; path = FightController.cpp; sourceTree = "<group>"; };
		421CD2CD1CE424650076F505 /* FightController.hpp */ = {isa = PBXFileReference; fileEncoding = 4; lastKnownFileType = sourcecode.cpp.h; path = FightController.hpp; sourceTree = "<group>"; };
		421CD2CF1CE42C120076F505 /* Weapon.cpp */ = {isa = PBXFileReference; fileEncoding = 4; lastKnownFileType = sourcecode.cpp.cpp; path = Weapon.cpp; sourceTree = "<group>"; };
		421CD2D01CE42C120076F505 /* Weapon.hpp */ = {isa = PBXFileReference; fileEncoding = 4; lastKnownFileType = sourcecode.cpp.h; path = Weapon.hpp; sourceTree = "<group>"; };
		421CD2D21CE430120076F505 /* CommonData.cpp */ = {isa = PBXFileReference; fileEncoding = 4; lastKnownFileType = sourcecode.cpp.cpp; path = CommonData.cpp; sourceTree = "<group>"; };
		421CD2D31CE430120076F505 /* CommonData.hpp */ = {isa = PBXFileReference; fileEncoding = 4; lastKnownFileType = sourcecode.cpp.h; path = CommonData.hpp; sourceTree = "<group>"; };
		421CD2D51CE4344C0076F505 /* WeaponFactor.cpp */ = {isa = PBXFileReference; fileEncoding = 4; lastKnownFileType = sourcecode.cpp.cpp; path = WeaponFactor.cpp; sourceTree = "<group>"; };
		421CD2D61CE4344C0076F505 /* WeaponFactor.hpp */ = {isa = PBXFileReference; fileEncoding = 4; lastKnownFileType = sourcecode.cpp.h; path = WeaponFactor.hpp; sourceTree = "<group>"; };
		424AE2121CC8CB8000F34851 /* SubSoldier.cpp */ = {isa = PBXFileReference; fileEncoding = 4; lastKnownFileType = sourcecode.cpp.cpp; path = SubSoldier.cpp; sourceTree = "<group>"; };
		424AE2131CC8CB8000F34851 /* SubSoldier.hpp */ = {isa = PBXFileReference; fileEncoding = 4; lastKnownFileType = sourcecode.cpp.h; path = SubSoldier.hpp; sourceTree = "<group>"; };
		424E7E1B1CAA555B00CEB088 /* part_04 */ = {isa = PBXFileReference; explicitFileType = "compiled.mach-o.executable"; includeInIndex = 0; path = part_04; sourceTree = BUILT_PRODUCTS_DIR; };
		424E7E1E1CAA555B00CEB088 /* main.cpp */ = {isa = PBXFileReference; lastKnownFileType = sourcecode.cpp.cpp; path = main.cpp; sourceTree = "<group>"; };
		424E7E251CAA76AC00CEB088 /* HeadQuarter.cpp */ = {isa = PBXFileReference; fileEncoding = 4; lastKnownFileType = sourcecode.cpp.cpp; path = HeadQuarter.cpp; sourceTree = "<group>"; };
		424E7E261CAA76AC00CEB088 /* HeadQuarter.hpp */ = {isa = PBXFileReference; fileEncoding = 4; lastKnownFileType = sourcecode.cpp.h; path = HeadQuarter.hpp; sourceTree = "<group>"; };
		424E7E281CAA76DD00CEB088 /* Soldier.cpp */ = {isa = PBXFileReference; fileEncoding = 4; lastKnownFileType = sourcecode.cpp.cpp; path = Soldier.cpp; sourceTree = "<group>"; };
		424E7E291CAA76DD00CEB088 /* Soldier.hpp */ = {isa = PBXFileReference; fileEncoding = 4; lastKnownFileType = sourcecode.cpp.h; path = Soldier.hpp; sourceTree = "<group>"; };
		424E7E2B1CAA774000CEB088 /* StructDeclare.h */ = {isa = PBXFileReference; lastKnownFileType = sourcecode.c.h; path = StructDeclare.h; sourceTree = "<group>"; };
		42A052401CD2FAD200114D6B /* LogSystem.cpp */ = {isa = PBXFileReference; fileEncoding = 4; lastKnownFileType = sourcecode.cpp.cpp; path = LogSystem.cpp; sourceTree = "<group>"; };
		42A052411CD2FAD200114D6B /* LogSystem.hpp */ = {isa = PBXFileReference; fileEncoding = 4; lastKnownFileType = sourcecode.cpp.h; path = LogSystem.hpp; sourceTree = "<group>"; };
		42C2A7EA1CCF087A007319CC /* SoldierFactor.cpp */ = {isa = PBXFileReference; fileEncoding = 4; lastKnownFileType = sourcecode.cpp.cpp; path = SoldierFactor.cpp; sourceTree = "<group>"; };
		42C2A7EB1CCF087A007319CC /* SoldierFactor.hpp */ = {isa = PBXFileReference; fileEncoding = 4; lastKnownFileType = sourcecode.cpp.h; path = SoldierFactor.hpp; sourceTree = "<group>"; };
/* End PBXFileReference section */

/* Begin PBXFrameworksBuildPhase section */
		424E7E181CAA555B00CEB088 /* Frameworks */ = {
			isa = PBXFrameworksBuildPhase;
			buildActionMask = 2147483647;
			files = (
			);
			runOnlyForDeploymentPostprocessing = 0;
		};
/* End PBXFrameworksBuildPhase section */

/* Begin PBXGroup section */
		424E7E121CAA555B00CEB088 = {
			isa = PBXGroup;
			children = (
				424E7E1D1CAA555B00CEB088 /* part_04 */,
				424E7E1C1CAA555B00CEB088 /* Products */,
			);
			sourceTree = "<group>";
		};
		424E7E1C1CAA555B00CEB088 /* Products */ = {
			isa = PBXGroup;
			children = (
				424E7E1B1CAA555B00CEB088 /* part_04 */,
			);
			name = Products;
			sourceTree = "<group>";
		};
		424E7E1D1CAA555B00CEB088 /* part_04 */ = {
			isa = PBXGroup;
			children = (
				424E7E1E1CAA555B00CEB088 /* main.cpp */,
				424E7E2B1CAA774000CEB088 /* StructDeclare.h */,
				424E7E251CAA76AC00CEB088 /* HeadQuarter.cpp */,
				424E7E261CAA76AC00CEB088 /* HeadQuarter.hpp */,
				424E7E281CAA76DD00CEB088 /* Soldier.cpp */,
				424E7E291CAA76DD00CEB088 /* Soldier.hpp */,
				424AE2121CC8CB8000F34851 /* SubSoldier.cpp */,
				424AE2131CC8CB8000F34851 /* SubSoldier.hpp */,
				42C2A7EA1CCF087A007319CC /* SoldierFactor.cpp */,
				42C2A7EB1CCF087A007319CC /* SoldierFactor.hpp */,
				421CD2D51CE4344C0076F505 /* WeaponFactor.cpp */,
				421CD2D61CE4344C0076F505 /* WeaponFactor.hpp */,
				421CD2CF1CE42C120076F505 /* Weapon.cpp */,
				421CD2D01CE42C120076F505 /* Weapon.hpp */,
				42A052401CD2FAD200114D6B /* LogSystem.cpp */,
				42A052411CD2FAD200114D6B /* LogSystem.hpp */,
				421CD2C61CE41ED80076F505 /* CityManager.cpp */,
				421CD2C71CE41ED80076F505 /* CityManager.hpp */,
				421CD2C91CE41EF70076F505 /* City.cpp */,
				421CD2CA1CE41EF70076F505 /* City.hpp */,
				421CD2CC1CE424650076F505 /* FightController.cpp */,
				421CD2CD1CE424650076F505 /* FightController.hpp */,
				421CD2D21CE430120076F505 /* CommonData.cpp */,
				421CD2D31CE430120076F505 /* CommonData.hpp */,
			);
			path = part_04;
			sourceTree = "<group>";
		};
/* End PBXGroup section */

/* Begin PBXNativeTarget section */
		424E7E1A1CAA555B00CEB088 /* part_04 */ = {
			isa = PBXNativeTarget;
			buildConfigurationList = 424E7E221CAA555B00CEB088 /* Build configuration list for PBXNativeTarget "part_04" */;
			buildPhases = (
				424E7E171CAA555B00CEB088 /* Sources */,
				424E7E181CAA555B00CEB088 /* Frameworks */,
				424E7E191CAA555B00CEB088 /* CopyFiles */,
			);
			buildRules = (
			);
			dependencies = (
			);
			name = part_04;
			productName = part_04;
			productReference = 424E7E1B1CAA555B00CEB088 /* part_04 */;
			productType = "com.apple.product-type.tool";
		};
/* End PBXNativeTarget section */

/* Begin PBXProject section */
		424E7E131CAA555B00CEB088 /* Project object */ = {
			isa = PBXProject;
			attributes = {
				LastUpgradeCheck = 0720;
				ORGANIZATIONNAME = ytx;
				TargetAttributes = {
					424E7E1A1CAA555B00CEB088 = {
						CreatedOnToolsVersion = 7.2.1;
					};
				};
			};
			buildConfigurationList = 424E7E161CAA555B00CEB088 /* Build configuration list for PBXProject "part_04" */;
			compatibilityVersion = "Xcode 3.2";
			developmentRegion = English;
			hasScannedForEncodings = 0;
			knownRegions = (
				en,
			);
			mainGroup = 424E7E121CAA555B00CEB088;
			productRefGroup = 424E7E1C1CAA555B00CEB088 /* Products */;
			projectDirPath = "";
			projectRoot = "";
			targets = (
				424E7E1A1CAA555B00CEB088 /* part_04 */,
			);
		};
/* End PBXProject section */

/* Begin PBXSourcesBuildPhase section */
		424E7E171CAA555B00CEB088 /* Sources */ = {
			isa = PBXSourcesBuildPhase;
			buildActionMask = 2147483647;
			files = (
				424E7E2A1CAA76DD00CEB088 /* Soldier.cpp in Sources */,
				421CD2C81CE41ED80076F505 /* CityManager.cpp in Sources */,
				421CD2CB1CE41EF70076F505 /* City.cpp in Sources */,
				42A052421CD2FAD200114D6B /* LogSystem.cpp in Sources */,
				424E7E271CAA76AC00CEB088 /* HeadQuarter.cpp in Sources */,
				421CD2CE1CE424650076F505 /* FightController.cpp in Sources */,
				421CD2D71CE4344C0076F505 /* WeaponFactor.cpp in Sources */,
				424E7E1F1CAA555B00CEB088 /* main.cpp in Sources */,
				421CD2D11CE42C120076F505 /* Weapon.cpp in Sources */,
				424AE2141CC8CB8000F34851 /* SubSoldier.cpp in Sources */,
				421CD2D41CE430120076F505 /* CommonData.cpp in Sources */,
				42C2A7EC1CCF087A007319CC /* SoldierFactor.cpp in Sources */,
			);
			runOnlyForDeploymentPostprocessing = 0;
		};
/* End PBXSourcesBuildPhase section */

/* Begin XCBuildConfiguration section */
		424E7E201CAA555B00CEB088 /* Debug */ = {
			isa = XCBuildConfiguration;
			buildSettings = {
				ALWAYS_SEARCH_USER_PATHS = NO;
				CLANG_CXX_LANGUAGE_STANDARD = "gnu++0x";
				CLANG_CXX_LIBRARY = "libc++";
				CLANG_ENABLE_MODULES = YES;
				CLANG_ENABLE_OBJC_ARC = YES;
				CLANG_WARN_BOOL_CONVERSION = YES;
				CLANG_WARN_CONSTANT_CONVERSION = YES;
				CLANG_WARN_DIRECT_OBJC_ISA_USAGE = YES_ERROR;
				CLANG_WARN_EMPTY_BODY = YES;
				CLANG_WARN_ENUM_CONVERSION = YES;
				CLANG_WARN_INT_CONVERSION = YES;
				CLANG_WARN_OBJC_ROOT_CLASS = YES_ERROR;
				CLANG_WARN_UNREACHABLE_CODE = YES;
				CLANG_WARN__DUPLICATE_METHOD_MATCH = YES;
				CODE_SIGN_IDENTITY = "-";
				COPY_PHASE_STRIP = NO;
				DEBUG_INFORMATION_FORMAT = dwarf;
				ENABLE_STRICT_OBJC_MSGSEND = YES;
				ENABLE_TESTABILITY = YES;
				GCC_C_LANGUAGE_STANDARD = gnu99;
				GCC_DYNAMIC_NO_PIC = NO;
				GCC_NO_COMMON_BLOCKS = YES;
				GCC_OPTIMIZATION_LEVEL = 0;
				GCC_PREPROCESSOR_DEFINITIONS = (
					"DEBUG=1",
					"$(inherited)",
				);
				GCC_WARN_64_TO_32_BIT_CONVERSION = YES;
				GCC_WARN_ABOUT_RETURN_TYPE = YES_ERROR;
				GCC_WARN_UNDECLARED_SELECTOR = YES;
				GCC_WARN_UNINITIALIZED_AUTOS = YES_AGGRESSIVE;
				GCC_WARN_UNUSED_FUNCTION = YES;
				GCC_WARN_UNUSED_VARIABLE = YES;
				MACOSX_DEPLOYMENT_TARGET = 10.11;
				MTL_ENABLE_DEBUG_INFO = YES;
				ONLY_ACTIVE_ARCH = YES;
				SDKROOT = macosx;
			};
			name = Debug;
		};
		424E7E211CAA555B00CEB088 /* Release */ = {
			isa = XCBuildConfiguration;
			buildSettings = {
				ALWAYS_SEARCH_USER_PATHS = NO;
				CLANG_CXX_LANGUAGE_STANDARD = "gnu++0x";
				CLANG_CXX_LIBRARY = "libc++";
				CLANG_ENABLE_MODULES = YES;
				CLANG_ENABLE_OBJC_ARC = YES;
				CLANG_WARN_BOOL_CONVERSION = YES;
				CLANG_WARN_CONSTANT_CONVERSION = YES;
				CLANG_WARN_DIRECT_OBJC_ISA_USAGE = YES_ERROR;
				CLANG_WARN_EMPTY_BODY = YES;
				CLANG_WARN_ENUM_CONVERSION = YES;
				CLANG_WARN_INT_CONVERSION = YES;
				CLANG_WARN_OBJC_ROOT_CLASS = YES_ERROR;
				CLANG_WARN_UNREACHABLE_CODE = YES;
				CLANG_WARN__DUPLICATE_METHOD_MATCH = YES;
				CODE_SIGN_IDENTITY = "-";
				COPY_PHASE_STRIP = NO;
				DEBUG_INFORMATION_FORMAT = "dwarf-with-dsym";
				ENABLE_NS_ASSERTIONS = NO;
				ENABLE_STRICT_OBJC_MSGSEND = YES;
				GCC_C_LANGUAGE_STANDARD = gnu99;
				GCC_NO_COMMON_BLOCKS = YES;
				GCC_WARN_64_TO_32_BIT_CONVERSION = YES;
				GCC_WARN_ABOUT_RETURN_TYPE = YES_ERROR;
				GCC_WARN_UNDECLARED_SELECTOR = YES;
				GCC_WARN_UNINITIALIZED_AUTOS = YES_AGGRESSIVE;
				GCC_WARN_UNUSED_FUNCTION = YES;
				GCC_WARN_UNUSED_VARIABLE = YES;
				MACOSX_DEPLOYMENT_TARGET = 10.11;
				MTL_ENABLE_DEBUG_INFO = NO;
				SDKROOT = macosx;
			};
			name = Release;
		};
		424E7E231CAA555B00CEB088 /* Debug */ = {
			isa = XCBuildConfiguration;
			buildSettings = {
				OTHER_LDFLAGS = "";
				PRODUCT_NAME = "$(TARGET_NAME)";
			};
			name = Debug;
		};
		424E7E241CAA555B00CEB088 /* Release */ = {
			isa = XCBuildConfiguration;
			buildSettings = {
				OTHER_LDFLAGS = "";
				PRODUCT_NAME = "$(TARGET_NAME)";
			};
			name = Release;
		};
/* End XCBuildConfiguration section */

/* Begin XCConfigurationList section */
		424E7E161CAA555B00CEB088 /* Build configuration list for PBXProject "part_04" */ = {
			isa = XCConfigurationList;
			buildConfigurations = (
				424E7E201CAA555B00CEB088 /* Debug */,
				424E7E211CAA555B00CEB088 /* Release */,
			);
			defaultConfigurationIsVisible = 0;
			defaultConfigurationName = Release;
		};
		424E7E221CAA555B00CEB088 /* Build configuration list for PBXNativeTarget "part_04" */ = {
			isa = XCConfigurationList;
			buildConfigurations = (
				424E7E231CAA555B00CEB088 /* Debug */,
				424E7E241CAA555B00CEB088 /* Release */,
			);
			defaultConfigurationIsVisible = 0;
			defaultConfigurationName = Release;
		};
/* End XCConfigurationList section */
	};
	rootObject = 424E7E131CAA555B00CEB088 /* Project object */;
}
