// !$*UTF8*$!
{
	archiveVersion = 1;
	classes = {
	};
	objectVersion = 46;
	objects = {

/* Begin PBXBuildFile section */
		262E19721CB26FB00057BD37 /* main.cpp in Sources */ = {isa = PBXBuildFile; fileRef = 262E19711CB26FB00057BD37 /* main.cpp */; };
		262E197A1CB270490057BD37 /* ClassDeclare.cpp in Sources */ = {isa = PBXBuildFile; fileRef = 262E19781CB270490057BD37 /* ClassDeclare.cpp */; };
		42EA8BB81CB60A5700D7DC52 /* MutableArray.cpp in Sources */ = {isa = PBXBuildFile; fileRef = 42EA8BB61CB60A5700D7DC52 /* MutableArray.cpp */; };
		268186FA1CB91C6100370A9B /* OSStreamOperation.cpp in Sources */ = {isa = PBXBuildFile; fileRef = 268186F81CB91C6100370A9B /* OSStreamOperation.cpp */; };
		268186FD1CB9280400370A9B /* PlusPlusOperation.cpp in Sources */ = {isa = PBXBuildFile; fileRef = 268186FB1CB9280400370A9B /* PlusPlusOperation.cpp */; };
/* End PBXBuildFile section */

/* Begin PBXCopyFilesBuildPhase section */
		262E196C1CB26FB00057BD37 /* CopyFiles */ = {
			isa = PBXCopyFilesBuildPhase;
			buildActionMask = 2147483647;
			dstPath = /usr/share/man/man1/;
			dstSubfolderSpec = 0;
			files = (
			);
			runOnlyForDeploymentPostprocessing = 1;
		};
/* End PBXCopyFilesBuildPhase section */

/* Begin PBXFileReference section */
		262E196E1CB26FB00057BD37 /* Operation */ = {isa = PBXFileReference; explicitFileType = "compiled.mach-o.executable"; includeInIndex = 0; path = Operation; sourceTree = BUILT_PRODUCTS_DIR; };
		262E19711CB26FB00057BD37 /* main.cpp */ = {isa = PBXFileReference; lastKnownFileType = sourcecode.cpp.cpp; path = main.cpp; sourceTree = "<group>"; };
		262E19781CB270490057BD37 /* ClassDeclare.cpp */ = {isa = PBXFileReference; fileEncoding = 4; lastKnownFileType = sourcecode.cpp.cpp; path = ClassDeclare.cpp; sourceTree = "<group>"; };
		262E19791CB270490057BD37 /* ClassDeclare.hpp */ = {isa = PBXFileReference; fileEncoding = 4; lastKnownFileType = sourcecode.cpp.h; path = ClassDeclare.hpp; sourceTree = "<group>"; };
		42EA8BB61CB60A5700D7DC52 /* MutableArray.cpp */ = {isa = PBXFileReference; fileEncoding = 4; lastKnownFileType = sourcecode.cpp.cpp; path = MutableArray.cpp; sourceTree = "<group>"; };
		42EA8BB71CB60A5700D7DC52 /* MutableArray.hpp */ = {isa = PBXFileReference; fileEncoding = 4; lastKnownFileType = sourcecode.cpp.h; path = MutableArray.hpp; sourceTree = "<group>"; };
		268186F81CB91C6100370A9B /* OSStreamOperation.cpp */ = {isa = PBXFileReference; fileEncoding = 4; lastKnownFileType = sourcecode.cpp.cpp; path = OSStreamOperation.cpp; sourceTree = "<group>"; };
		268186F91CB91C6100370A9B /* OSStreamOperation.hpp */ = {isa = PBXFileReference; fileEncoding = 4; lastKnownFileType = sourcecode.cpp.h; path = OSStreamOperation.hpp; sourceTree = "<group>"; };
		268186FB1CB9280400370A9B /* PlusPlusOperation.cpp */ = {isa = PBXFileReference; fileEncoding = 4; lastKnownFileType = sourcecode.cpp.cpp; path = PlusPlusOperation.cpp; sourceTree = "<group>"; };
		268186FC1CB9280400370A9B /* PlusPlusOperation.hpp */ = {isa = PBXFileReference; fileEncoding = 4; lastKnownFileType = sourcecode.cpp.h; path = PlusPlusOperation.hpp; sourceTree = "<group>"; };
/* End PBXFileReference section */

/* Begin PBXFrameworksBuildPhase section */
		262E196B1CB26FB00057BD37 /* Frameworks */ = {
			isa = PBXFrameworksBuildPhase;
			buildActionMask = 2147483647;
			files = (
			);
			runOnlyForDeploymentPostprocessing = 0;
		};
/* End PBXFrameworksBuildPhase section */

/* Begin PBXGroup section */
		262E19651CB26FB00057BD37 = {
			isa = PBXGroup;
			children = (
				262E19701CB26FB00057BD37 /* Operation */,
				262E196F1CB26FB00057BD37 /* Products */,
			);
			sourceTree = "<group>";
		};
		262E196F1CB26FB00057BD37 /* Products */ = {
			isa = PBXGroup;
			children = (
				262E196E1CB26FB00057BD37 /* Operation */,
			);
			name = Products;
			sourceTree = "<group>";
		};
		262E19701CB26FB00057BD37 /* Operation */ = {
			isa = PBXGroup;
			children = (
				42E683D51CBCA78C006E2820 /* Couresera */,
				42EA8BB51CB60A2A00D7DC52 /* MutableArray */,
				262E19711CB26FB00057BD37 /* main.cpp */,
				262E19781CB270490057BD37 /* ClassDeclare.cpp */,
				262E19791CB270490057BD37 /* ClassDeclare.hpp */,
				268186F81CB91C6100370A9B /* OSStreamOperation.cpp */,
				268186F91CB91C6100370A9B /* OSStreamOperation.hpp */,
				268186FB1CB9280400370A9B /* PlusPlusOperation.cpp */,
				268186FC1CB9280400370A9B /* PlusPlusOperation.hpp */,
			);
			path = Operation;
			sourceTree = "<group>";
		};
		42E683D51CBCA78C006E2820 /* Couresera */ = {
			isa = PBXGroup;
			children = (
			);
			name = Couresera;
			sourceTree = "<group>";
		};
		42EA8BB51CB60A2A00D7DC52 /* MutableArray */ = {
			isa = PBXGroup;
			children = (
				42EA8BB61CB60A5700D7DC52 /* MutableArray.cpp */,
				42EA8BB71CB60A5700D7DC52 /* MutableArray.hpp */,
			);
			name = MutableArray;
			sourceTree = "<group>";
		};
/* End PBXGroup section */

/* Begin PBXNativeTarget section */
		262E196D1CB26FB00057BD37 /* Operation */ = {
			isa = PBXNativeTarget;
			buildConfigurationList = 262E19751CB26FB00057BD37 /* Build configuration list for PBXNativeTarget "Operation" */;
			buildPhases = (
				262E196A1CB26FB00057BD37 /* Sources */,
				262E196B1CB26FB00057BD37 /* Frameworks */,
				262E196C1CB26FB00057BD37 /* CopyFiles */,
			);
			buildRules = (
			);
			dependencies = (
			);
			name = Operation;
			productName = Operation;
			productReference = 262E196E1CB26FB00057BD37 /* Operation */;
			productType = "com.apple.product-type.tool";
		};
/* End PBXNativeTarget section */

/* Begin PBXProject section */
		262E19661CB26FB00057BD37 /* Project object */ = {
			isa = PBXProject;
			attributes = {
				LastUpgradeCheck = 0730;
				ORGANIZATIONNAME = ytx;
				TargetAttributes = {
					262E196D1CB26FB00057BD37 = {
						CreatedOnToolsVersion = 7.3;
					};
				};
			};
			buildConfigurationList = 262E19691CB26FB00057BD37 /* Build configuration list for PBXProject "Operation" */;
			compatibilityVersion = "Xcode 3.2";
			developmentRegion = English;
			hasScannedForEncodings = 0;
			knownRegions = (
				en,
			);
			mainGroup = 262E19651CB26FB00057BD37;
			productRefGroup = 262E196F1CB26FB00057BD37 /* Products */;
			projectDirPath = "";
			projectRoot = "";
			targets = (
				262E196D1CB26FB00057BD37 /* Operation */,
			);
		};
/* End PBXProject section */

/* Begin PBXSourcesBuildPhase section */
		262E196A1CB26FB00057BD37 /* Sources */ = {
			isa = PBXSourcesBuildPhase;
			buildActionMask = 2147483647;
			files = (
				262E19721CB26FB00057BD37 /* main.cpp in Sources */,
				262E197A1CB270490057BD37 /* ClassDeclare.cpp in Sources */,
				42EA8BB81CB60A5700D7DC52 /* MutableArray.cpp in Sources */,
				268186FA1CB91C6100370A9B /* OSStreamOperation.cpp in Sources */,
				268186FD1CB9280400370A9B /* PlusPlusOperation.cpp in Sources */,
			);
			runOnlyForDeploymentPostprocessing = 0;
		};
/* End PBXSourcesBuildPhase section */

/* Begin XCBuildConfiguration section */
		262E19731CB26FB00057BD37 /* Debug */ = {
			isa = XCBuildConfiguration;
			buildSettings = {
				ALWAYS_SEARCH_USER_PATHS = NO;
				CLANG_ANALYZER_NONNULL = YES;
				CLANG_CXX_LANGUAGE_STANDARD = "gnu++0x";
				CLANG_CXX_LIBRARY = "libc++";
				CLANG_ENABLE_MODULES = YES;
				CLANG_ENABLE_OBJC_ARC = YES;
				CLANG_WARN_BOOL_CONVERSION = YES;
				CLANG_WARN_CONSTANT_CONVERSION = YES;
				CLANG_WARN_DIRECT_OBJC_ISA_USAGE = YES_ERROR;
				CLANG_WARN_EMPTY_BODY = YES;
				CLANG_WARN_ENUM_CONVERSION = YES;
				CLANG_WARN_INT_CONVERSION = YES;
				CLANG_WARN_OBJC_ROOT_CLASS = YES_ERROR;
				CLANG_WARN_UNREACHABLE_CODE = YES;
				CLANG_WARN__DUPLICATE_METHOD_MATCH = YES;
				CODE_SIGN_IDENTITY = "-";
				COPY_PHASE_STRIP = NO;
				DEBUG_INFORMATION_FORMAT = dwarf;
				ENABLE_STRICT_OBJC_MSGSEND = YES;
				ENABLE_TESTABILITY = YES;
				GCC_C_LANGUAGE_STANDARD = gnu99;
				GCC_DYNAMIC_NO_PIC = NO;
				GCC_NO_COMMON_BLOCKS = YES;
				GCC_OPTIMIZATION_LEVEL = 0;
				GCC_PREPROCESSOR_DEFINITIONS = (
					"DEBUG=1",
					"$(inherited)",
				);
				GCC_WARN_64_TO_32_BIT_CONVERSION = YES;
				GCC_WARN_ABOUT_RETURN_TYPE = YES_ERROR;
				GCC_WARN_UNDECLARED_SELECTOR = YES;
				GCC_WARN_UNINITIALIZED_AUTOS = YES_AGGRESSIVE;
				GCC_WARN_UNUSED_FUNCTION = YES;
				GCC_WARN_UNUSED_VARIABLE = YES;
				MACOSX_DEPLOYMENT_TARGET = 10.11;
				MTL_ENABLE_DEBUG_INFO = YES;
				ONLY_ACTIVE_ARCH = YES;
				SDKROOT = macosx;
			};
			name = Debug;
		};
		262E19741CB26FB00057BD37 /* Release */ = {
			isa = XCBuildConfiguration;
			buildSettings = {
				ALWAYS_SEARCH_USER_PATHS = NO;
				CLANG_ANALYZER_NONNULL = YES;
				CLANG_CXX_LANGUAGE_STANDARD = "gnu++0x";
				CLANG_CXX_LIBRARY = "libc++";
				CLANG_ENABLE_MODULES = YES;
				CLANG_ENABLE_OBJC_ARC = YES;
				CLANG_WARN_BOOL_CONVERSION = YES;
				CLANG_WARN_CONSTANT_CONVERSION = YES;
				CLANG_WARN_DIRECT_OBJC_ISA_USAGE = YES_ERROR;
				CLANG_WARN_EMPTY_BODY = YES;
				CLANG_WARN_ENUM_CONVERSION = YES;
				CLANG_WARN_INT_CONVERSION = YES;
				CLANG_WARN_OBJC_ROOT_CLASS = YES_ERROR;
				CLANG_WARN_UNREACHABLE_CODE = YES;
				CLANG_WARN__DUPLICATE_METHOD_MATCH = YES;
				CODE_SIGN_IDENTITY = "-";
				COPY_PHASE_STRIP = NO;
				DEBUG_INFORMATION_FORMAT = "dwarf-with-dsym";
				ENABLE_NS_ASSERTIONS = NO;
				ENABLE_STRICT_OBJC_MSGSEND = YES;
				GCC_C_LANGUAGE_STANDARD = gnu99;
				GCC_NO_COMMON_BLOCKS = YES;
				GCC_WARN_64_TO_32_BIT_CONVERSION = YES;
				GCC_WARN_ABOUT_RETURN_TYPE = YES_ERROR;
				GCC_WARN_UNDECLARED_SELECTOR = YES;
				GCC_WARN_UNINITIALIZED_AUTOS = YES_AGGRESSIVE;
				GCC_WARN_UNUSED_FUNCTION = YES;
				GCC_WARN_UNUSED_VARIABLE = YES;
				MACOSX_DEPLOYMENT_TARGET = 10.11;
				MTL_ENABLE_DEBUG_INFO = NO;
				SDKROOT = macosx;
			};
			name = Release;
		};
		262E19761CB26FB00057BD37 /* Debug */ = {
			isa = XCBuildConfiguration;
			buildSettings = {
				PRODUCT_NAME = "$(TARGET_NAME)";
			};
			name = Debug;
		};
		262E19771CB26FB00057BD37 /* Release */ = {
			isa = XCBuildConfiguration;
			buildSettings = {
				PRODUCT_NAME = "$(TARGET_NAME)";
			};
			name = Release;
		};
/* End XCBuildConfiguration section */

/* Begin XCConfigurationList section */
		262E19691CB26FB00057BD37 /* Build configuration list for PBXProject "Operation" */ = {
			isa = XCConfigurationList;
			buildConfigurations = (
				262E19731CB26FB00057BD37 /* Debug */,
				262E19741CB26FB00057BD37 /* Release */,
			);
			defaultConfigurationIsVisible = 0;
			defaultConfigurationName = Release;
		};
		262E19751CB26FB00057BD37 /* Build configuration list for PBXNativeTarget "Operation" */ = {
			isa = XCConfigurationList;
			buildConfigurations = (
				262E19761CB26FB00057BD37 /* Debug */,
				262E19771CB26FB00057BD37 /* Release */,
			);
			defaultConfigurationIsVisible = 0;
			defaultConfigurationName = Release;
		};
/* End XCConfigurationList section */
	};
	rootObject = 262E19661CB26FB00057BD37 /* Project object */;
}
